{
  "version": 4,
  "terraform_version": "1.1.7",
  "serial": 22,
  "lineage": "9a1a2b8b-7869-76f9-23ba-049631bc1d91",
  "outputs": {
    "droplet_ip": {
      "value": "165.227.220.58",
      "type": "string"
    }
  },
  "resources": [
    {
      "mode": "data",
      "type": "digitalocean_ssh_key",
      "name": "my_key",
      "provider": "provider[\"registry.terraform.io/digitalocean/digitalocean\"]",
      "instances": [
        {
          "schema_version": 0,
          "attributes": {
            "fingerprint": "92:4a:d1:80:b5:87:38:d4:f6:5c:2a:43:71:37:ed:b1",
            "id": 34031023,
            "name": "wsl alexandre",
            "public_key": "ssh-rsa AAAAB3NzaC1yc2EAAAADAQABAAACAQC0y8JGmv8/G7NIe0XBMVcxaq8mgtN/rU2eyaiEkeU1orj8fxXD+3NcVcRgll0jPYzK9ep0D/SUYjGr/6nQ34EJWs/DkuM4eaX6SWDtmVjhrBJ14IWdcduMhhY8AYuUcilNfysUtvS6soikiTCoK2HLrDFn8goyFh0ZoSJw7Ktiv9CUx3JQudd/F/wmTsYuXw7GqV+l2BKqQot1Ilu6wq1R1JK2lAdpJOZALXQxRka9r2NBe1rCu7Uvxz0YSREzTkb1G/n4OAGobm7WfimLkNwJ9/92rl5IuwpIqRy8BCeylQrOqH4NuqSySU4aEtu6TSqF7K4WyFrqP785YSzHtGPjD2ice20pnm9Nm+UyG5S66hvzpqKA1ubelxv3jVYwLfUO7zYwtoxxV3ootVFPBRwb+CLvtaFDX8ihdkVISWrVVqH/Zk/WkhaaRqlxUDyx5VOI8zbnLUfjp6ODhisfVowocUQ1B/r6CKXBbltGmzoE7RMmMAtJvkda6EXUv8EzpA95YShADZsaICSHktOKjL35ixezgNyjVYG90BhBntdLMxSJvD1GAvfTtfKY4VFrjH+wBeSKZaDzm3vSPTfq/Dw7G+4eygrmX78iMCc1tUHwG7mgzmxjBparJtpR3sFoFDfnVBjhVDi6cPtzPmaY7oGz0qGoEXaBQ13nmB9mbrDXGQ== alexandre@DESKTOP-JQAV2UF"
          },
          "sensitive_attributes": []
        }
      ]
    },
    {
      "mode": "managed",
      "type": "digitalocean_droplet",
      "name": "maquina_labs_tf",
      "provider": "provider[\"registry.terraform.io/digitalocean/digitalocean\"]",
      "instances": [
        {
          "schema_version": 1,
          "attributes": {
            "backups": false,
            "created_at": "2022-04-01T04:14:03Z",
            "disk": 50,
            "droplet_agent": null,
            "graceful_shutdown": false,
            "id": "293316200",
            "image": "ubuntu-20-04-x64",
            "ipv4_address": "165.227.220.58",
            "ipv4_address_private": "10.108.0.2",
            "ipv6": false,
            "ipv6_address": "",
            "locked": false,
            "memory": 2048,
            "monitoring": false,
            "name": "maquina-labs-tf",
            "price_hourly": 0.01488,
            "price_monthly": 10,
            "private_networking": true,
            "region": "nyc3",
            "resize_disk": true,
            "size": "s-1vcpu-2gb",
            "ssh_keys": [
              "34031023"
            ],
            "status": "active",
            "tags": [
              "development"
            ],
            "urn": "do:droplet:293316200",
            "user_data": null,
            "vcpus": 1,
            "volume_ids": [],
            "vpc_uuid": "e39244aa-0299-4ce3-8c2f-771703044017"
          },
          "sensitive_attributes": [],
          "private": "eyJzY2hlbWFfdmVyc2lvbiI6IjEifQ==",
          "dependencies": [
            "data.digitalocean_ssh_key.my_key"
          ]
        }
      ]
    },
    {
      "mode": "managed",
      "type": "digitalocean_firewall",
      "name": "fw_labs",
      "provider": "provider[\"registry.terraform.io/digitalocean/digitalocean\"]",
      "instances": [
        {
          "schema_version": 0,
          "attributes": {
            "created_at": "2022-04-01T04:14:45Z",
            "droplet_ids": [
              293316200
            ],
            "id": "ba386809-78d0-4254-8b31-45c747eb523a",
            "inbound_rule": [
              {
                "port_range": "22",
                "protocol": "tcp",
                "source_addresses": [
                  "0.0.0.0/0",
                  "::/0"
                ],
                "source_droplet_ids": [],
                "source_kubernetes_ids": [],
                "source_load_balancer_uids": [],
                "source_tags": []
              }
            ],
            "name": "fw-labs",
            "outbound_rule": [
              {
                "destination_addresses": [
                  "0.0.0.0/0",
                  "::/0"
                ],
                "destination_droplet_ids": [],
                "destination_kubernetes_ids": [],
                "destination_load_balancer_uids": [],
                "destination_tags": [],
                "port_range": "53",
                "protocol": "tcp"
              }
            ],
            "pending_changes": [
              {
                "droplet_id": 293316200,
                "removing": false,
                "status": "waiting"
              }
            ],
            "status": "waiting",
            "tags": null
          },
          "sensitive_attributes": [],
          "private": "bnVsbA==",
          "dependencies": [
            "data.digitalocean_ssh_key.my_key",
            "digitalocean_droplet.maquina_labs_tf"
          ]
        }
      ]
    }
  ]
}
